
Microsoft Visual Studio Solution File, Format Version 12.00
# Visual Studio Express 2013 for Windows Desktop
VisualStudioVersion = 12.0.31101.0
MinimumVisualStudioVersion = 10.0.40219.1
Project("{8BC9CEB8-8B4A-11D0-8D11-00A0C91BC942}") = "poc-astar-navmesh", "poc-astar-navmesh\poc-astar-navmesh.vcxproj", "{EC8EDF52-5454-4806-8A37-484718E61891}"
EndProject
Global
	GlobalSection(SolutionConfigurationPlatforms) = preSolution
		Debug|Win32 = Debug|Win32
		Release|Win32 = Release|Win32
	EndGlobalSection
	GlobalSection(ProjectConfigurationPlatforms) = postSolution
		{EC8EDF52-5454-4806-8A37-484718E61891}.Debug|Win32.ActiveCfg = Debug|Win32
		{EC8EDF52-5454-4806-8A37-484718E61891}.Debug|Win32.Build.0 = Debug|Win32
		{EC8EDF52-5454-4806-8A37-484718E61891}.Release|Win32.ActiveCfg = Release|Win32
		{EC8EDF52-5454-4806-8A37-484718E61891}.Release|Win32.Build.0 = Release|Win32
	EndGlobalSection
	GlobalSection(SolutionProperties) = preSolution
		HideSolutionNode = FALSE
	EndGlobalSection
EndGlobal
